github.com/lucagoc/hugo-theme-monoblack v0.0.0-20260911131854-b5242d487585 h1:NV9ZogORsMlgP8UluD1A7SRgRZZebYEQ8Sw1cG3Ntp4=
github.com/lucagoc/hugo-theme-monoblack v0.0.0-20260911131854-b5242d487585/go.mod h1:Xm9dkUbNIV+BK7z6UozI+dxweNJ+JywyzhKFU6q9H04=
github.com/lucagoc/hugo-theme-monoblack v0.0.0-20260911140416-8cc9c1ee671f h1:55Tiq5mMId1PTvT+WIK3N9wd0g6kAjHjAjikKLAJJD8=
github.com/lucagoc/hugo-theme-monoblack v0.0.0-20260911140416-8cc9c1ee671f/go.mod h1:Xm9dkUbNIV+BK7z6UozI+dxweNJ+JywyzhKFU6q9H04=
github.com/lucagoc/hugo-theme-monoblack v0.0.0-20260911144441-bd3b963003d2 h1:nCbMNEQZEG0P+tP6Low2+5x9hwDUJE2Yz6juDRVCmQ4=
github.com/lucagoc/hugo-theme-monoblack v0.0.0-20260911144441-bd3b963003d2/go.mod h1:Xm9dkUbNIV+BK7z6UozI+dxweNJ+JywyzhKFU6q9H04=
